<?xml version="1.0" encoding="utf-8"?>
<Project ToolsVersion="4.0" xmlns="http://schemas.microsoft.com/developer/msbuild/2003">
  <ItemGroup>
    <Filter Include="소스 파일">
      <UniqueIdentifier>{4FC737F1-C7A5-4376-A066-2A32D752A2FF}</UniqueIdentifier>
      <Extensions>cpp;c;cc;cxx;c++;cppm;ixx;def;odl;idl;hpj;bat;asm;asmx</Extensions>
    </Filter>
    <Filter Include="헤더 파일">
      <UniqueIdentifier>{93995380-89BD-4b04-88EB-625FBE52EBFB}</UniqueIdentifier>
      <Extensions>h;hh;hpp;hxx;h++;hm;inl;inc;ipp;xsd</Extensions>
    </Filter>
    <Filter Include="리소스 파일">
      <UniqueIdentifier>{67DA6AB6-F800-4c08-8B7A-83BB121AAD01}</UniqueIdentifier>
      <Extensions>rc;ico;cur;bmp;dlg;rc2;rct;bin;rgs;gif;jpg;jpeg;jpe;resx;tiff;tif;png;wav;mfcribbon-ms</Extensions>
    </Filter>
    <Filter Include="소스 파일\10장">
      <UniqueIdentifier>{b19e004d-8cfe-46e3-8734-4505a1f758b8}</UniqueIdentifier>
    </Filter>
    <Filter Include="소스 파일\10장\null과 nullptr의 차이">
      <UniqueIdentifier>{751bb5d6-5e30-41f9-a4f4-c0a110fe41c7}</UniqueIdentifier>
    </Filter>
    <Filter Include="소스 파일\10장\타입 변환과 타입 캐스팅">
      <UniqueIdentifier>{613d8c52-ce80-4ddd-a6b8-96dfb3104645}</UniqueIdentifier>
    </Filter>
    <Filter Include="소스 파일\10장\shared_ptr &amp; unique_ptr">
      <UniqueIdentifier>{c5ece7f0-75e0-4926-bb7b-4d091f3cb801}</UniqueIdentifier>
    </Filter>
    <Filter Include="소스 파일\10장\복사 생성자와 얕은 복사 해결">
      <UniqueIdentifier>{deebd6eb-ec7a-48dd-949b-82f2fd7abf24}</UniqueIdentifier>
    </Filter>
    <Filter Include="소스 파일\10장\스마트 포인터">
      <UniqueIdentifier>{662e5027-388a-4218-99f5-73486ec6d285}</UniqueIdentifier>
    </Filter>
    <Filter Include="소스 파일\10장\연산자 오버로딩">
      <UniqueIdentifier>{c5dd3d73-0fcc-4015-971d-ebd7139fde17}</UniqueIdentifier>
    </Filter>
    <Filter Include="소스 파일\10장\function chaining">
      <UniqueIdentifier>{ea090c50-d425-4584-8890-1b89a95fcae0}</UniqueIdentifier>
    </Filter>
    <Filter Include="소스 파일\10장\c++ 스타일 print 함수 만들기">
      <UniqueIdentifier>{333c9301-71d6-4e40-81d1-adee4d115a7c}</UniqueIdentifier>
    </Filter>
    <Filter Include="소스 파일\11장">
      <UniqueIdentifier>{c72281c6-16e2-4a7e-8dfd-f5c3295aebf3}</UniqueIdentifier>
    </Filter>
    <Filter Include="소스 파일\NewFilter1">
      <UniqueIdentifier>{b5a8f562-c70f-423b-856e-6aaeb8188936}</UniqueIdentifier>
    </Filter>
  </ItemGroup>
  <ItemGroup>
    <ClCompile Include="ConsoleApplication1.cpp">
      <Filter>소스 파일</Filter>
    </ClCompile>
    <ClCompile Include="c++ 스타일 print 함수 만들기 1.cpp">
      <Filter>소스 파일\10장\c++ 스타일 print 함수 만들기</Filter>
    </ClCompile>
    <ClCompile Include="c++ 스타일 print 함수 만들기 2.cpp">
      <Filter>소스 파일\10장\c++ 스타일 print 함수 만들기</Filter>
    </ClCompile>
    <ClCompile Include="c++ 스타일 print 함수 만들기 3.cpp">
      <Filter>소스 파일\10장\c++ 스타일 print 함수 만들기</Filter>
    </ClCompile>
    <ClCompile Include="c++ 스타일 print 함수 만들기 4.cpp">
      <Filter>소스 파일\10장\c++ 스타일 print 함수 만들기</Filter>
    </ClCompile>
    <ClCompile Include="c++ 스타일 print 함수 만들기 5.cpp">
      <Filter>소스 파일\10장\c++ 스타일 print 함수 만들기</Filter>
    </ClCompile>
    <ClCompile Include="c++ 스타일 print 함수 만들기 6.cpp">
      <Filter>소스 파일\10장\c++ 스타일 print 함수 만들기</Filter>
    </ClCompile>
    <ClCompile Include="c++ 스타일 print 함수 만들기 7.cpp">
      <Filter>소스 파일\10장\c++ 스타일 print 함수 만들기</Filter>
    </ClCompile>
    <ClCompile Include="c++ 스타일 print 함수 만들기 8.cpp">
      <Filter>소스 파일\10장\c++ 스타일 print 함수 만들기</Filter>
    </ClCompile>
    <ClCompile Include="c++ 스타일 print 함수 만들기 9.cpp">
      <Filter>소스 파일\10장\c++ 스타일 print 함수 만들기</Filter>
    </ClCompile>
    <ClCompile Include="c++ 스타일 print 함수 만들기 연습장.cpp">
      <Filter>소스 파일\10장\c++ 스타일 print 함수 만들기</Filter>
    </ClCompile>
    <ClCompile Include="function chaining 1.cpp">
      <Filter>소스 파일\10장\function chaining</Filter>
    </ClCompile>
    <ClCompile Include="function chaining 2.cpp">
      <Filter>소스 파일\10장\function chaining</Filter>
    </ClCompile>
    <ClCompile Include="function chaining 3.cpp">
      <Filter>소스 파일\10장\function chaining</Filter>
    </ClCompile>
    <ClCompile Include="function chaining 4.cpp">
      <Filter>소스 파일\10장\function chaining</Filter>
    </ClCompile>
    <ClCompile Include="function chaining 5.cpp">
      <Filter>소스 파일\10장\function chaining</Filter>
    </ClCompile>
    <ClCompile Include="연산자 오버로딩 1.cpp">
      <Filter>소스 파일\10장\연산자 오버로딩</Filter>
    </ClCompile>
    <ClCompile Include="연산자 오버로딩 2.cpp">
      <Filter>소스 파일\10장\연산자 오버로딩</Filter>
    </ClCompile>
    <ClCompile Include="연산자 오버로딩 3.cpp">
      <Filter>소스 파일\10장\연산자 오버로딩</Filter>
    </ClCompile>
    <ClCompile Include="연산자 오버로딩 4.cpp">
      <Filter>소스 파일\10장\연산자 오버로딩</Filter>
    </ClCompile>
    <ClCompile Include="연산자 오버로딩 5.cpp">
      <Filter>소스 파일\10장\연산자 오버로딩</Filter>
    </ClCompile>
    <ClCompile Include="연산자 오버로딩 6.cpp">
      <Filter>소스 파일\10장\연산자 오버로딩</Filter>
    </ClCompile>
    <ClCompile Include="연산자 오버로딩 7.cpp">
      <Filter>소스 파일\10장\연산자 오버로딩</Filter>
    </ClCompile>
    <ClCompile Include="스마트 포인터.cpp">
      <Filter>소스 파일\10장\연산자 오버로딩</Filter>
    </ClCompile>
    <ClCompile Include="스마트 포인터 1.cpp">
      <Filter>소스 파일\10장\스마트 포인터</Filter>
    </ClCompile>
    <ClCompile Include="스마트 포인터 2.cpp">
      <Filter>소스 파일\10장\스마트 포인터</Filter>
    </ClCompile>
    <ClCompile Include="스마트 포인터 3.cpp">
      <Filter>소스 파일\10장\스마트 포인터</Filter>
    </ClCompile>
    <ClCompile Include="스마트 포인터 4.cpp">
      <Filter>소스 파일\10장\스마트 포인터</Filter>
    </ClCompile>
    <ClCompile Include="스마트 포인터 연습장.cpp">
      <Filter>소스 파일\10장\스마트 포인터</Filter>
    </ClCompile>
    <ClCompile Include="묵시적 , 명시적 생성자 호출.cpp">
      <Filter>소스 파일\10장\복사 생성자와 얕은 복사 해결</Filter>
    </ClCompile>
    <ClCompile Include="복사 생성자 1.cpp">
      <Filter>소스 파일\10장\복사 생성자와 얕은 복사 해결</Filter>
    </ClCompile>
    <ClCompile Include="복사 생성자 2.cpp">
      <Filter>소스 파일\10장\복사 생성자와 얕은 복사 해결</Filter>
    </ClCompile>
    <ClCompile Include="복사 생성자 3.cpp">
      <Filter>소스 파일\10장\복사 생성자와 얕은 복사 해결</Filter>
    </ClCompile>
    <ClCompile Include="얕은 복사 1.cpp">
      <Filter>소스 파일\10장\복사 생성자와 얕은 복사 해결</Filter>
    </ClCompile>
    <ClCompile Include="깊은 복사로 얕은 복사 해결하기.cpp">
      <Filter>소스 파일\10장\복사 생성자와 얕은 복사 해결</Filter>
    </ClCompile>
    <ClCompile Include="참조 계수로 얕은 복사 해결하기.cpp">
      <Filter>소스 파일\10장\복사 생성자와 얕은 복사 해결</Filter>
    </ClCompile>
    <ClCompile Include="소유권 이전으로 얕은 복사 해결하기.cpp">
      <Filter>소스 파일\10장\복사 생성자와 얕은 복사 해결</Filter>
    </ClCompile>
    <ClCompile Include="복사 금지로 얕은 복사 해결하기.cpp">
      <Filter>소스 파일\10장\복사 생성자와 얕은 복사 해결</Filter>
    </ClCompile>
    <ClCompile Include="모던 c++ 방식으로 얕은 복사 해결하기.cpp">
      <Filter>소스 파일\10장\복사 생성자와 얕은 복사 해결</Filter>
    </ClCompile>
    <ClCompile Include="얕은 복사 해결하기 연습장.cpp">
      <Filter>소스 파일\10장\복사 생성자와 얕은 복사 해결</Filter>
    </ClCompile>
    <ClCompile Include="shared_ptr .cpp">
      <Filter>소스 파일\10장\shared_ptr &amp; unique_ptr</Filter>
    </ClCompile>
    <ClCompile Include="unique_ptr.cpp">
      <Filter>소스 파일\10장\shared_ptr &amp; unique_ptr</Filter>
    </ClCompile>
    <ClCompile Include="명시적_묵시적 형변환.cpp">
      <Filter>소스 파일\10장\타입 변환과 타입 캐스팅</Filter>
    </ClCompile>
    <ClCompile Include="변환 생성자 1.cpp">
      <Filter>소스 파일\10장\타입 변환과 타입 캐스팅</Filter>
    </ClCompile>
    <ClCompile Include="변환 생성자 2.cpp">
      <Filter>소스 파일\10장\타입 변환과 타입 캐스팅</Filter>
    </ClCompile>
    <ClCompile Include="변환 생성자 3.cpp">
      <Filter>소스 파일\10장\타입 변환과 타입 캐스팅</Filter>
    </ClCompile>
    <ClCompile Include="변환 연산자 1.cpp">
      <Filter>소스 파일\10장\타입 변환과 타입 캐스팅</Filter>
    </ClCompile>
    <ClCompile Include="변환 연산자 2.cpp">
      <Filter>소스 파일\10장\타입 변환과 타입 캐스팅</Filter>
    </ClCompile>
    <ClCompile Include="변환 연산자 3.cpp">
      <Filter>소스 파일\10장\타입 변환과 타입 캐스팅</Filter>
    </ClCompile>
    <ClCompile Include="변환 연산자 연습장.cpp">
      <Filter>소스 파일\10장\타입 변환과 타입 캐스팅</Filter>
    </ClCompile>
    <ClCompile Include="C 스타일 타입 캐스팅.cpp">
      <Filter>소스 파일\10장\타입 변환과 타입 캐스팅</Filter>
    </ClCompile>
    <ClCompile Include="타입 캐스팅_ static_cast.cpp">
      <Filter>소스 파일\10장\타입 변환과 타입 캐스팅</Filter>
    </ClCompile>
    <ClCompile Include="타입 캐스팅_ reinterpet_cast.cpp">
      <Filter>소스 파일\10장\타입 변환과 타입 캐스팅</Filter>
    </ClCompile>
    <ClCompile Include="타입 캐스팅_ const_cast.cpp">
      <Filter>소스 파일\10장\타입 변환과 타입 캐스팅</Filter>
    </ClCompile>
    <ClCompile Include="null.cpp">
      <Filter>소스 파일\10장\null과 nullptr의 차이</Filter>
    </ClCompile>
    <ClCompile Include="nullptr.cpp">
      <Filter>소스 파일\10장\null과 nullptr의 차이</Filter>
    </ClCompile>
    <ClCompile Include="new_delete 오버로딩.cpp">
      <Filter>소스 파일\10장</Filter>
    </ClCompile>
    <ClCompile Include="placement new.cpp">
      <Filter>소스 파일\10장</Filter>
    </ClCompile>
    <ClCompile Include="placement new를 이용하여 생성자 여러번 호출.cpp">
      <Filter>소스 파일\10장</Filter>
    </ClCompile>
    <ClCompile Include="this 포인터 1.cpp">
      <Filter>소스 파일\10장</Filter>
    </ClCompile>
    <ClCompile Include="this 포인터 2.cpp">
      <Filter>소스 파일\10장</Filter>
    </ClCompile>
    <ClCompile Include="스코프와 네임스페이스1.cpp">
      <Filter>소스 파일\10장</Filter>
    </ClCompile>
    <ClCompile Include="스코프와 네임스페이스2.cpp">
      <Filter>소스 파일\10장</Filter>
    </ClCompile>
    <ClCompile Include="스택클래스 외부에서 정의하기.cpp">
      <Filter>소스 파일\10장</Filter>
    </ClCompile>
    <ClCompile Include="스택클래스.cpp">
      <Filter>소스 파일\10장</Filter>
    </ClCompile>
    <ClCompile Include="클래스 동적 할당 1.cpp">
      <Filter>소스 파일\10장</Filter>
    </ClCompile>
    <ClCompile Include="클래스 동적 할당 2.cpp">
      <Filter>소스 파일\10장</Filter>
    </ClCompile>
    <ClCompile Include="클래스 동적 할당 with malloc.cpp">
      <Filter>소스 파일\10장</Filter>
    </ClCompile>
    <ClCompile Include="클래스 정적 할당.cpp">
      <Filter>소스 파일\10장</Filter>
    </ClCompile>
    <ClCompile Include="클래스의 멤버 변수의 주소.cpp">
      <Filter>소스 파일\10장</Filter>
    </ClCompile>
    <ClCompile Include="클래스의 멤버 함수의 주소.cpp">
      <Filter>소스 파일\10장</Filter>
    </ClCompile>
    <ClCompile Include="STL_ String.cpp">
      <Filter>소스 파일\11장</Filter>
    </ClCompile>
    <ClCompile Include="STL_ String Functions.cpp">
      <Filter>소스 파일\11장</Filter>
    </ClCompile>
    <ClCompile Include="STL_ vector.cpp">
      <Filter>소스 파일\11장</Filter>
    </ClCompile>
    <ClCompile Include="STL_ Iterator.cpp">
      <Filter>소스 파일\11장</Filter>
    </ClCompile>
    <ClCompile Include="strchr 함수 만들기 1.cpp">
      <Filter>소스 파일\11장</Filter>
    </ClCompile>
    <ClCompile Include="strchr 함수 만들기 2.cpp">
      <Filter>소스 파일\11장</Filter>
    </ClCompile>
    <ClCompile Include="strchr 함수 만들기 3.cpp">
      <Filter>소스 파일\11장</Filter>
    </ClCompile>
    <ClCompile Include="strchr 함수 만들기 4.cpp">
      <Filter>소스 파일\11장</Filter>
    </ClCompile>
    <ClCompile Include="strchr 함수 만들기 5.cpp">
      <Filter>소스 파일\11장</Filter>
    </ClCompile>
    <ClCompile Include="strchr 함수 만들기 6.cpp">
      <Filter>소스 파일\11장</Filter>
    </ClCompile>
    <ClCompile Include="strchr 함수 만들기 7.cpp">
      <Filter>소스 파일\11장</Filter>
    </ClCompile>
    <ClCompile Include="xfind 함수 만들기 1.cpp">
      <Filter>소스 파일\11장</Filter>
    </ClCompile>
    <ClCompile Include="xfind 함수 만들기 2.cpp">
      <Filter>소스 파일\11장</Filter>
    </ClCompile>
    <ClCompile Include="xfind 함수 만들기 3.cpp">
      <Filter>소스 파일\11장</Filter>
    </ClCompile>
    <ClCompile Include="xfind 함수 만들기 4.cpp">
      <Filter>소스 파일\11장</Filter>
    </ClCompile>
    <ClCompile Include="xfind 함수 만들기 5.cpp">
      <Filter>소스 파일\11장</Filter>
    </ClCompile>
    <ClCompile Include="xfind 함수 만들기 6.cpp">
      <Filter>소스 파일\11장</Filter>
    </ClCompile>
    <ClCompile Include="xfind 함수 만들기 7.cpp">
      <Filter>소스 파일\11장</Filter>
    </ClCompile>
    <ClCompile Include="함수 객체.cpp">
      <Filter>소스 파일\11장</Filter>
    </ClCompile>
  </ItemGroup>
</Project>